{
    "_meta": {
        "hash": {
            "sha256": "687b449b5ce1d116a712a6116b6eb2eab7ffba8c38f218cf2f9eac259cac52b2"
        },
        "pipfile-spec": 6,
        "requires": {
            "python_version": "3.8"
        },
        "sources": [
            {
                "name": "pypi",
                "url": "https://pypi.org/simple",
                "verify_ssl": true
            }
        ]
    },
    "default": {
        "prettytable": {
            "hashes": [
                "sha256:6bb7f539903cb031fecb855b615cbcac8cd245ebc6fa51c6e23ab3386db89771",
                "sha256:e7e464e8f7ecfd9a74c67f8da35f2a7da3d827235ba0a4737bb6d4b19f4a04bb"
            ],
            "index": "pypi",
            "version": "==1.0.1"
        },
        "wcwidth": {
            "hashes": [
                "sha256:beb4802a9cebb9144e99086eff703a642a13d6a0052920003a230f3294bbe784",
                "sha256:c4d647b99872929fdb7bdcaa4fbe7f01413ed3d98077df798530e5b04f116c83"
            ],
            "version": "==0.2.5"
        }
    },
    "develop": {}
}
